
Microsoft Visual Studio Solution File, Format Version 12.00
# Visual Studio Version 17
VisualStudioVersion = 17.14.36603.0 d17.14
MinimumVisualStudioVersion = 10.0.40219.1
Project("{FAE04EC0-301F-11D3-BF4B-00C04F79EFBC}") = "AzureDoc.IDP.Engine", "AzureDoc.IDP.Engine.csproj", "{E558C83D-8580-46F9-BD66-4668887806FA}"
EndProject
Global
	GlobalSection(SolutionConfigurationPlatforms) = preSolution
		Debug|Any CPU = Debug|Any CPU
		Release|Any CPU = Release|Any CPU
	EndGlobalSection
	GlobalSection(ProjectConfigurationPlatforms) = postSolution
		{E558C83D-8580-46F9-BD66-4668887806FA}.Debug|Any CPU.ActiveCfg = Debug|Any CPU
		{E558C83D-8580-46F9-BD66-4668887806FA}.Debug|Any CPU.Build.0 = Debug|Any CPU
		{E558C83D-8580-46F9-BD66-4668887806FA}.Release|Any CPU.ActiveCfg = Release|Any CPU
		{E558C83D-8580-46F9-BD66-4668887806FA}.Release|Any CPU.Build.0 = Release|Any CPU
	EndGlobalSection
	GlobalSection(SolutionProperties) = preSolution
		HideSolutionNode = FALSE
	EndGlobalSection
	GlobalSection(ExtensibilityGlobals) = postSolution
		SolutionGuid = {C9FF0170-B112-42CE-AFE3-CCB6B4E3A25A}
	EndGlobalSection
EndGlobal
